
Microsoft Visual Studio Solution File, Format Version 12.00
# Visual Studio Version 17
VisualStudioVersion = 17.7.34009.444
MinimumVisualStudioVersion = 10.0.40219.1
Project("{9A19103F-16F7-4668-BE54-9A1E7A4F7556}") = "Pet_Shop", "Pet_Shop\Pet_Shop.csproj", "{66A33073-12B7-44C4-96CE-D1047835DCC3}"
EndProject
Project("{FAE04EC0-301F-11D3-BF4B-00C04F79EFBC}") = "Class_Library", "Class_Library\Class_Library.csproj", "{8C894BCB-5DDB-4D15-B58D-150C8EC9FE40}"
EndProject
Global
	GlobalSection(SolutionConfigurationPlatforms) = preSolution
		Debug|Any CPU = Debug|Any CPU
		Release|Any CPU = Release|Any CPU
	EndGlobalSection
	GlobalSection(ProjectConfigurationPlatforms) = postSolution
		{66A33073-12B7-44C4-96CE-D1047835DCC3}.Debug|Any CPU.ActiveCfg = Debug|Any CPU
		{66A33073-12B7-44C4-96CE-D1047835DCC3}.Debug|Any CPU.Build.0 = Debug|Any CPU
		{66A33073-12B7-44C4-96CE-D1047835DCC3}.Release|Any CPU.ActiveCfg = Release|Any CPU
		{66A33073-12B7-44C4-96CE-D1047835DCC3}.Release|Any CPU.Build.0 = Release|Any CPU
		{8C894BCB-5DDB-4D15-B58D-150C8EC9FE40}.Debug|Any CPU.ActiveCfg = Debug|Any CPU
		{8C894BCB-5DDB-4D15-B58D-150C8EC9FE40}.Debug|Any CPU.Build.0 = Debug|Any CPU
		{8C894BCB-5DDB-4D15-B58D-150C8EC9FE40}.Release|Any CPU.ActiveCfg = Release|Any CPU
		{8C894BCB-5DDB-4D15-B58D-150C8EC9FE40}.Release|Any CPU.Build.0 = Release|Any CPU
	EndGlobalSection
	GlobalSection(SolutionProperties) = preSolution
		HideSolutionNode = FALSE
	EndGlobalSection
	GlobalSection(ExtensibilityGlobals) = postSolution
		SolutionGuid = {95DE6B24-73E6-453C-9F7D-214B4CE2445A}
	EndGlobalSection
EndGlobal
